
Microsoft Visual Studio Solution File, Format Version 12.00
# Visual Studio Version 17
VisualStudioVersion = 17.11.35312.102
MinimumVisualStudioVersion = 10.0.40219.1
Project("{FAE04EC0-301F-11D3-BF4B-00C04F79EFBC}") = "WebApi8", "WebApi8\WebApi8.csproj", "{97E9F712-1476-402F-9EC4-6AFA43E8FF81}"
EndProject
Global
	GlobalSection(SolutionConfigurationPlatforms) = preSolution
		Debug|Any CPU = Debug|Any CPU
		Release|Any CPU = Release|Any CPU
	EndGlobalSection
	GlobalSection(ProjectConfigurationPlatforms) = postSolution
		{97E9F712-1476-402F-9EC4-6AFA43E8FF81}.Debug|Any CPU.ActiveCfg = Debug|Any CPU
		{97E9F712-1476-402F-9EC4-6AFA43E8FF81}.Debug|Any CPU.Build.0 = Debug|Any CPU
		{97E9F712-1476-402F-9EC4-6AFA43E8FF81}.Release|Any CPU.ActiveCfg = Release|Any CPU
		{97E9F712-1476-402F-9EC4-6AFA43E8FF81}.Release|Any CPU.Build.0 = Release|Any CPU
	EndGlobalSection
	GlobalSection(SolutionProperties) = preSolution
		HideSolutionNode = FALSE
	EndGlobalSection
	GlobalSection(ExtensibilityGlobals) = postSolution
		SolutionGuid = {19FBDB32-6D54-463E-9731-173BD5A806A6}
	EndGlobalSection
EndGlobal
